{
  "name": "RayCast",
  "lockfileVersion": 2,
  "requires": true,
  "packages": {
    "": {
      "dependencies": {
        "ray": "^0.0.1"
      }
    },
    "node_modules/ray": {
      "version": "0.0.1",
      "resolved": "https://registry.npmjs.org/ray/-/ray-0.0.1.tgz",
      "integrity": "sha512-yyKtRfrxOL39pjJArN6cw7ZnMnPsFeZsDKWO3aoJ8uK1wulWzbVJ5PbUC62pRPKjdSym0f+HwiWyellASrcXxQ=="
    }
  },
  "dependencies": {
    "ray": {
      "version": "0.0.1",
      "resolved": "https://registry.npmjs.org/ray/-/ray-0.0.1.tgz",
      "integrity": "sha512-yyKtRfrxOL39pjJArN6cw7ZnMnPsFeZsDKWO3aoJ8uK1wulWzbVJ5PbUC62pRPKjdSym0f+HwiWyellASrcXxQ=="
    }
  }
}
